
Microsoft Visual Studio Solution File, Format Version 12.00
# Visual Studio 2013
VisualStudioVersion = 12.0.21005.1
MinimumVisualStudioVersion = 10.0.40219.1
Project("{FAE04EC0-301F-11D3-BF4B-00C04F79EFBC}") = "Ide.Backend", "Ide.Backend\Ide.Backend.csproj", "{4CB8F184-05FF-4CC9-9CD6-41F68589A5B3}"
EndProject
Project("{FAE04EC0-301F-11D3-BF4B-00C04F79EFBC}") = "arduino.net", "arduino.net\arduino.net.csproj", "{0986F160-80EA-4031-9F48-67C65D6CB2D1}"
EndProject
Global
	GlobalSection(SolutionConfigurationPlatforms) = preSolution
		Debug|Any CPU = Debug|Any CPU
		Release|Any CPU = Release|Any CPU
	EndGlobalSection
	GlobalSection(ProjectConfigurationPlatforms) = postSolution
		{4CB8F184-05FF-4CC9-9CD6-41F68589A5B3}.Debug|Any CPU.ActiveCfg = Debug|Any CPU
		{4CB8F184-05FF-4CC9-9CD6-41F68589A5B3}.Debug|Any CPU.Build.0 = Debug|Any CPU
		{4CB8F184-05FF-4CC9-9CD6-41F68589A5B3}.Release|Any CPU.ActiveCfg = Release|Any CPU
		{4CB8F184-05FF-4CC9-9CD6-41F68589A5B3}.Release|Any CPU.Build.0 = Release|Any CPU
		{0986F160-80EA-4031-9F48-67C65D6CB2D1}.Debug|Any CPU.ActiveCfg = Debug|Any CPU
		{0986F160-80EA-4031-9F48-67C65D6CB2D1}.Debug|Any CPU.Build.0 = Debug|Any CPU
		{0986F160-80EA-4031-9F48-67C65D6CB2D1}.Release|Any CPU.ActiveCfg = Release|Any CPU
		{0986F160-80EA-4031-9F48-67C65D6CB2D1}.Release|Any CPU.Build.0 = Release|Any CPU
	EndGlobalSection
	GlobalSection(SolutionProperties) = preSolution
		HideSolutionNode = FALSE
	EndGlobalSection
EndGlobal
